
Microsoft Visual Studio Solution File, Format Version 12.00
# Visual Studio Version 17
VisualStudioVersion = 17.11.35219.272
MinimumVisualStudioVersion = 10.0.40219.1
Project("{9A19103F-16F7-4668-BE54-9A1E7A4F7556}") = "Pharaonia.API", "Pharaonia.API.csproj", "{9892F157-1EED-4728-AF10-B37DE1358515}"
EndProject
Project("{FAE04EC0-301F-11D3-BF4B-00C04F79EFBC}") = "Pharaonia.Domain", "..\Pharaonia.Domain\Pharaonia.Domain.csproj", "{487B1881-BC02-47C5-98D6-FB1A72BFA8C7}"
EndProject
Project("{FAE04EC0-301F-11D3-BF4B-00C04F79EFBC}") = "Pharaonia.Infrastructure", "..\Pharaonia.Infrastructure\Pharaonia.Infrastructure.csproj", "{A7D44EF8-1327-40D8-B2FB-6EDAD6371AFE}"
EndProject
Project("{FAE04EC0-301F-11D3-BF4B-00C04F79EFBC}") = "Pharaonia.Aplication", "..\Pharaonia.Aplication\Pharaonia.Aplication.csproj", "{35F54D90-7A59-45E4-AE58-ABCB9BFE8C52}"
EndProject
Global
	GlobalSection(SolutionConfigurationPlatforms) = preSolution
		Debug|Any CPU = Debug|Any CPU
		Release|Any CPU = Release|Any CPU
	EndGlobalSection
	GlobalSection(ProjectConfigurationPlatforms) = postSolution
		{9892F157-1EED-4728-AF10-B37DE1358515}.Debug|Any CPU.ActiveCfg = Debug|Any CPU
		{9892F157-1EED-4728-AF10-B37DE1358515}.Debug|Any CPU.Build.0 = Debug|Any CPU
		{9892F157-1EED-4728-AF10-B37DE1358515}.Release|Any CPU.ActiveCfg = Release|Any CPU
		{9892F157-1EED-4728-AF10-B37DE1358515}.Release|Any CPU.Build.0 = Release|Any CPU
		{487B1881-BC02-47C5-98D6-FB1A72BFA8C7}.Debug|Any CPU.ActiveCfg = Debug|Any CPU
		{487B1881-BC02-47C5-98D6-FB1A72BFA8C7}.Debug|Any CPU.Build.0 = Debug|Any CPU
		{487B1881-BC02-47C5-98D6-FB1A72BFA8C7}.Release|Any CPU.ActiveCfg = Release|Any CPU
		{487B1881-BC02-47C5-98D6-FB1A72BFA8C7}.Release|Any CPU.Build.0 = Release|Any CPU
		{A7D44EF8-1327-40D8-B2FB-6EDAD6371AFE}.Debug|Any CPU.ActiveCfg = Debug|Any CPU
		{A7D44EF8-1327-40D8-B2FB-6EDAD6371AFE}.Debug|Any CPU.Build.0 = Debug|Any CPU
		{A7D44EF8-1327-40D8-B2FB-6EDAD6371AFE}.Release|Any CPU.ActiveCfg = Release|Any CPU
		{A7D44EF8-1327-40D8-B2FB-6EDAD6371AFE}.Release|Any CPU.Build.0 = Release|Any CPU
		{35F54D90-7A59-45E4-AE58-ABCB9BFE8C52}.Debug|Any CPU.ActiveCfg = Debug|Any CPU
		{35F54D90-7A59-45E4-AE58-ABCB9BFE8C52}.Debug|Any CPU.Build.0 = Debug|Any CPU
		{35F54D90-7A59-45E4-AE58-ABCB9BFE8C52}.Release|Any CPU.ActiveCfg = Release|Any CPU
		{35F54D90-7A59-45E4-AE58-ABCB9BFE8C52}.Release|Any CPU.Build.0 = Release|Any CPU
	EndGlobalSection
	GlobalSection(SolutionProperties) = preSolution
		HideSolutionNode = FALSE
	EndGlobalSection
	GlobalSection(ExtensibilityGlobals) = postSolution
		SolutionGuid = {A7B56A4F-C327-4BDD-AD55-667A0FDC537D}
	EndGlobalSection
EndGlobal
